// !$*UTF8*$!
{
	archiveVersion = 1;
	classes = {
	};
	objectVersion = 55;
	objects = {

/* Begin PBXBuildFile section */
		0351380C9A804DC0BE4272D0 /* Pods_Daru.framework in Frameworks */ = {isa = PBXBuildFile; fileRef = 3B6AC7BA26ADD9431DDE91DB /* Pods_Daru.framework */; };
		AE1A753C2831289A000D8144 /* AppFlow.swift in Sources */ = {isa = PBXBuildFile; fileRef = AE1A753B2831289A000D8144 /* AppFlow.swift */; };
		AE1C70C7283BA192008EB099 /* UnderLineLabel.swift in Sources */ = {isa = PBXBuildFile; fileRef = AE1C70C6283BA192008EB099 /* UnderLineLabel.swift */; };
		AE2C84902840F66A00E2B6E2 /* ManagePostCommunitySectionHeaderView.swift in Sources */ = {isa = PBXBuildFile; fileRef = AE2C848F2840F66A00E2B6E2 /* ManagePostCommunitySectionHeaderView.swift */; };
		AE2C84922840F8F100E2B6E2 /* ManagePostCommunityCell.swift in Sources */ = {isa = PBXBuildFile; fileRef = AE2C84912840F8F100E2B6E2 /* ManagePostCommunityCell.swift */; };
		AE2C8494284107D300E2B6E2 /* ManagePostCommunitySectionBackgroundView.swift in Sources */ = {isa = PBXBuildFile; fileRef = AE2C8493284107D300E2B6E2 /* ManagePostCommunitySectionBackgroundView.swift */; };
		AE3F4835283259DE008404F1 /* DaruStep.swift in Sources */ = {isa = PBXBuildFile; fileRef = AE3F4834283259DE008404F1 /* DaruStep.swift */; };
		AE3F483B283268EE008404F1 /* BaseViewController.swift in Sources */ = {isa = PBXBuildFile; fileRef = AE3F483A283268EE008404F1 /* BaseViewController.swift */; };
		AE3F483D28326C38008404F1 /* HomeFlow.swift in Sources */ = {isa = PBXBuildFile; fileRef = AE3F483C28326C38008404F1 /* HomeFlow.swift */; };
		AE3F483F28326C4A008404F1 /* MyDaruFlow.swift in Sources */ = {isa = PBXBuildFile; fileRef = AE3F483E28326C4A008404F1 /* MyDaruFlow.swift */; };
		AE3F484128326C5D008404F1 /* CommunityFlow.swift in Sources */ = {isa = PBXBuildFile; fileRef = AE3F484028326C5D008404F1 /* CommunityFlow.swift */; };
		AE3F484328326C6B008404F1 /* TeahouseMapFlow.swift in Sources */ = {isa = PBXBuildFile; fileRef = AE3F484228326C6B008404F1 /* TeahouseMapFlow.swift */; };
		AE3F484528326E1F008404F1 /* MainFlow.swift in Sources */ = {isa = PBXBuildFile; fileRef = AE3F484428326E1F008404F1 /* MainFlow.swift */; };
		AE3F484828329A31008404F1 /* TabViewController.swift in Sources */ = {isa = PBXBuildFile; fileRef = AE3F484728329A31008404F1 /* TabViewController.swift */; };
		AE3F484A28329FFA008404F1 /* AppStepper.swift in Sources */ = {isa = PBXBuildFile; fileRef = AE3F484928329FFA008404F1 /* AppStepper.swift */; };
		AE3F484F2832AF6D008404F1 /* UIColor+.swift in Sources */ = {isa = PBXBuildFile; fileRef = AE3F484E2832AF6D008404F1 /* UIColor+.swift */; };
		AE4EB7C92838C56500D556CA /* HomeFooterCell.swift in Sources */ = {isa = PBXBuildFile; fileRef = AE4EB7C82838C56500D556CA /* HomeFooterCell.swift */; };
		AE4EB7CB2838C75300D556CA /* NanumGothic.ttf in Resources */ = {isa = PBXBuildFile; fileRef = AE4EB7CA2838C75300D556CA /* NanumGothic.ttf */; };
		AE4EB7D62839B7A900D556CA /* MBTeaIViewController.swift in Sources */ = {isa = PBXBuildFile; fileRef = AE4EB7D52839B7A900D556CA /* MBTeaIViewController.swift */; };
		AE4EB7D82839B7E800D556CA /* FavoriteTeaHousesViewController.swift in Sources */ = {isa = PBXBuildFile; fileRef = AE4EB7D72839B7E800D556CA /* FavoriteTeaHousesViewController.swift */; };
		AE4EB7DA2839B8F200D556CA /* MBTeaIFlow.swift in Sources */ = {isa = PBXBuildFile; fileRef = AE4EB7D92839B8F200D556CA /* MBTeaIFlow.swift */; };
		AE4EB7DC2839B91600D556CA /* FavoriteTeaHouseFlow.swift in Sources */ = {isa = PBXBuildFile; fileRef = AE4EB7DB2839B91600D556CA /* FavoriteTeaHouseFlow.swift */; };
		AE52F68C283CCEFB000475EF /* MyMBTeaICell.swift in Sources */ = {isa = PBXBuildFile; fileRef = AE52F68B283CCEFB000475EF /* MyMBTeaICell.swift */; };
		AE52F68E283CD0FE000475EF /* MyMBTeaIHeaderView.swift in Sources */ = {isa = PBXBuildFile; fileRef = AE52F68D283CD0FE000475EF /* MyMBTeaIHeaderView.swift */; };
		AE52F690283CD3F3000475EF /* PrimaryButton.swift in Sources */ = {isa = PBXBuildFile; fileRef = AE52F68F283CD3F3000475EF /* PrimaryButton.swift */; };
		AE52F692283CDCD6000475EF /* MyFavoriteTeaHeaderView.swift in Sources */ = {isa = PBXBuildFile; fileRef = AE52F691283CDCD6000475EF /* MyFavoriteTeaHeaderView.swift */; };
		AE52F694283CE06B000475EF /* MyFavoriteTeaCell.swift in Sources */ = {isa = PBXBuildFile; fileRef = AE52F693283CE06B000475EF /* MyFavoriteTeaCell.swift */; };
		AE52F696283CEC29000475EF /* MyFavoriteTeaFooterView.swift in Sources */ = {isa = PBXBuildFile; fileRef = AE52F695283CEC29000475EF /* MyFavoriteTeaFooterView.swift */; };
		AE52F698283D0CB9000475EF /* SecondaryTabViewController.swift in Sources */ = {isa = PBXBuildFile; fileRef = AE52F697283D0CB9000475EF /* SecondaryTabViewController.swift */; };
		AE52F69C283D1EFD000475EF /* FavoriteTeahouseHeaderView.swift in Sources */ = {isa = PBXBuildFile; fileRef = AE52F69B283D1EFD000475EF /* FavoriteTeahouseHeaderView.swift */; };
		AE52F69F283D3054000475EF /* PostListViewController.swift in Sources */ = {isa = PBXBuildFile; fileRef = AE52F69E283D3054000475EF /* PostListViewController.swift */; };
		AE52F6A1283D3175000475EF /* ManagePostViewController.swift in Sources */ = {isa = PBXBuildFile; fileRef = AE52F6A0283D3175000475EF /* ManagePostViewController.swift */; };
		AE52F6A3283D3410000475EF /* PostListFlow.swift in Sources */ = {isa = PBXBuildFile; fileRef = AE52F6A2283D3410000475EF /* PostListFlow.swift */; };
		AE52F6A5283D37B6000475EF /* ManagePostFlow.swift in Sources */ = {isa = PBXBuildFile; fileRef = AE52F6A4283D37B6000475EF /* ManagePostFlow.swift */; };
		AE52F6A8283D3D8B000475EF /* PostTableViewCell.swift in Sources */ = {isa = PBXBuildFile; fileRef = AE52F6A7283D3D8B000475EF /* PostTableViewCell.swift */; };
		AE68D3672837E8DE0017C8CB /* RegionCategoryHeaderView.swift in Sources */ = {isa = PBXBuildFile; fileRef = AE68D3662837E8DE0017C8CB /* RegionCategoryHeaderView.swift */; };
		AE68D3692837E9BE0017C8CB /* RegionCategoryCell.swift in Sources */ = {isa = PBXBuildFile; fileRef = AE68D3682837E9BE0017C8CB /* RegionCategoryCell.swift */; };
		AE88FDDB28450C080050E3DC /* TeahouseListHeaderView.swift in Sources */ = {isa = PBXBuildFile; fileRef = AE88FDDA28450C080050E3DC /* TeahouseListHeaderView.swift */; };
		AE88FDDD28450F750050E3DC /* NearTeahouseTitleCell.swift in Sources */ = {isa = PBXBuildFile; fileRef = AE88FDDC28450F750050E3DC /* NearTeahouseTitleCell.swift */; };
		AE88FDDF284514D40050E3DC /* NearTeahouseDataSource.swift in Sources */ = {isa = PBXBuildFile; fileRef = AE88FDDE284514D40050E3DC /* NearTeahouseDataSource.swift */; };
		AE88FDE2284533030050E3DC /* RecommendTeahouseViewController.swift in Sources */ = {isa = PBXBuildFile; fileRef = AE88FDE1284533030050E3DC /* RecommendTeahouseViewController.swift */; };
		AE88FDE4284533290050E3DC /* RecommendTeahouseReactor.swift in Sources */ = {isa = PBXBuildFile; fileRef = AE88FDE3284533290050E3DC /* RecommendTeahouseReactor.swift */; };
		AE88FDE62845364D0050E3DC /* RecommendTeahouseTitleCell.swift in Sources */ = {isa = PBXBuildFile; fileRef = AE88FDE52845364D0050E3DC /* RecommendTeahouseTitleCell.swift */; };
		AE88FDE9284537BF0050E3DC /* RecommendTeahouseDataSource.swift in Sources */ = {isa = PBXBuildFile; fileRef = AE88FDE8284537BF0050E3DC /* RecommendTeahouseDataSource.swift */; };
		AE88FDFE2845EA1B0050E3DC /* PostDetailViewController.swift in Sources */ = {isa = PBXBuildFile; fileRef = AE88FDFD2845EA1B0050E3DC /* PostDetailViewController.swift */; };
		AE88FE002845EA480050E3DC /* PostDetailReactor.swift in Sources */ = {isa = PBXBuildFile; fileRef = AE88FDFF2845EA480050E3DC /* PostDetailReactor.swift */; };
		AE88FE022845EB5B0050E3DC /* PostListReactor.swift in Sources */ = {isa = PBXBuildFile; fileRef = AE88FE012845EB5B0050E3DC /* PostListReactor.swift */; };
		AE88FE042845F17F0050E3DC /* PostContentCell.swift in Sources */ = {isa = PBXBuildFile; fileRef = AE88FE032845F17F0050E3DC /* PostContentCell.swift */; };
		AE9A0AE828339DD200FCEC1C /* NotoSansKR-Bold.otf in Resources */ = {isa = PBXBuildFile; fileRef = AE9A0AE528339DD100FCEC1C /* NotoSansKR-Bold.otf */; };
		AE9A0AE928339DD200FCEC1C /* NotoSansKR-Medium.otf in Resources */ = {isa = PBXBuildFile; fileRef = AE9A0AE628339DD100FCEC1C /* NotoSansKR-Medium.otf */; };
		AE9A0AEC28339E5800FCEC1C /* UIFont+.swift in Sources */ = {isa = PBXBuildFile; fileRef = AE9A0AEB28339E5800FCEC1C /* UIFont+.swift */; };
		AE9A0AED28339FAE00FCEC1C /* NotoSansKR-Regular.otf in Resources */ = {isa = PBXBuildFile; fileRef = AE9A0AE728339DD200FCEC1C /* NotoSansKR-Regular.otf */; };
		AE9A0AF42833AB2D00FCEC1C /* HomeViewController.swift in Sources */ = {isa = PBXBuildFile; fileRef = AE9A0AF32833AB2D00FCEC1C /* HomeViewController.swift */; };
		AE9A0AF62833C06B00FCEC1C /* Constant.swift in Sources */ = {isa = PBXBuildFile; fileRef = AE9A0AF52833C06B00FCEC1C /* Constant.swift */; };
		AE9A0AF92833D94400FCEC1C /* HomeReactor.swift in Sources */ = {isa = PBXBuildFile; fileRef = AE9A0AF82833D94400FCEC1C /* HomeReactor.swift */; };
		AE9A0AFC2833DB7700FCEC1C /* BannerCell.swift in Sources */ = {isa = PBXBuildFile; fileRef = AE9A0AFB2833DB7700FCEC1C /* BannerCell.swift */; };
		AE9A0AFE2833E08800FCEC1C /* HomeRecommendTeaHouseSectionHeaderView.swift in Sources */ = {isa = PBXBuildFile; fileRef = AE9A0AFD2833E08800FCEC1C /* HomeRecommendTeaHouseSectionHeaderView.swift */; };
		AE9A0B002833E3F200FCEC1C /* TeaHouseCell.swift in Sources */ = {isa = PBXBuildFile; fileRef = AE9A0AFF2833E3F200FCEC1C /* TeaHouseCell.swift */; };
		AE9A0B022833FDA100FCEC1C /* HomeRecommendTeaHouseSectionFooterView.swift in Sources */ = {isa = PBXBuildFile; fileRef = AE9A0B012833FDA100FCEC1C /* HomeRecommendTeaHouseSectionFooterView.swift */; };
		AE9F74732834B93600C31F53 /* HomeNearTeaHouseSectionHeaderView.swift in Sources */ = {isa = PBXBuildFile; fileRef = AE9F74722834B93600C31F53 /* HomeNearTeaHouseSectionHeaderView.swift */; };
		AE9F74752834C65900C31F53 /* RecentPostHeaderView.swift in Sources */ = {isa = PBXBuildFile; fileRef = AE9F74742834C65900C31F53 /* RecentPostHeaderView.swift */; };
		AE9F74772834C9D900C31F53 /* PostCollectionViewCell.swift in Sources */ = {isa = PBXBuildFile; fileRef = AE9F74762834C9D900C31F53 /* PostCollectionViewCell.swift */; };
		AEB46C7C280F97BE008EF53F /* AppDelegate.swift in Sources */ = {isa = PBXBuildFile; fileRef = AEB46C7B280F97BE008EF53F /* AppDelegate.swift */; };
		AEB46C7E280F97BE008EF53F /* SceneDelegate.swift in Sources */ = {isa = PBXBuildFile; fileRef = AEB46C7D280F97BE008EF53F /* SceneDelegate.swift */; };
		AEB46C85280F97BF008EF53F /* Assets.xcassets in Resources */ = {isa = PBXBuildFile; fileRef = AEB46C84280F97BF008EF53F /* Assets.xcassets */; };
		AEB46C88280F97BF008EF53F /* LaunchScreen.storyboard in Resources */ = {isa = PBXBuildFile; fileRef = AEB46C86280F97BF008EF53F /* LaunchScreen.storyboard */; };
		AEB684E92851E3BC00843D7F /* PostDetailDataSource.swift in Sources */ = {isa = PBXBuildFile; fileRef = AEB684E82851E3BC00843D7F /* PostDetailDataSource.swift */; };
		AEB684EB2851F43A00843D7F /* PostCommentCell.swift in Sources */ = {isa = PBXBuildFile; fileRef = AEB684EA2851F43A00843D7F /* PostCommentCell.swift */; };
		AEB684ED285208CB00843D7F /* PostCommentHeaderView.swift in Sources */ = {isa = PBXBuildFile; fileRef = AEB684EC285208CB00843D7F /* PostCommentHeaderView.swift */; };
		AEE7C2D5284392FB00FF9CFB /* CALayer+.swift in Sources */ = {isa = PBXBuildFile; fileRef = AEE7C2D4284392FB00FF9CFB /* CALayer+.swift */; };
		AEE7C2D82843944000FF9CFB /* NearTeahouseViewController.swift in Sources */ = {isa = PBXBuildFile; fileRef = AEE7C2D72843944000FF9CFB /* NearTeahouseViewController.swift */; };
		AEE7C2DA28439F1700FF9CFB /* NearTeahouseReactor.swift in Sources */ = {isa = PBXBuildFile; fileRef = AEE7C2D928439F1700FF9CFB /* NearTeahouseReactor.swift */; };
		AEE7C2F02843DE9900FF9CFB /* HomeDataSource.swift in Sources */ = {isa = PBXBuildFile; fileRef = AEE7C2EF2843DE9900FF9CFB /* HomeDataSource.swift */; };
		AEF40C122839D2EB00E629AD /* MBTeaIExplainationCell.swift in Sources */ = {isa = PBXBuildFile; fileRef = AEF40C112839D2EB00E629AD /* MBTeaIExplainationCell.swift */; };
/* End PBXBuildFile section */

/* Begin PBXFileReference section */
		1C46B0AD7157347C67E03D70 /* Pods-Daru.release.xcconfig */ = {isa = PBXFileReference; includeInIndex = 1; lastKnownFileType = text.xcconfig; name = "Pods-Daru.release.xcconfig"; path = "Target Support Files/Pods-Daru/Pods-Daru.release.xcconfig"; sourceTree = "<group>"; };
		3B6AC7BA26ADD9431DDE91DB /* Pods_Daru.framework */ = {isa = PBXFileReference; explicitFileType = wrapper.framework; includeInIndex = 0; path = Pods_Daru.framework; sourceTree = BUILT_PRODUCTS_DIR; };
		6F042F466EFB7020E9197E7E /* Pods-Daru.debug.xcconfig */ = {isa = PBXFileReference; includeInIndex = 1; lastKnownFileType = text.xcconfig; name = "Pods-Daru.debug.xcconfig"; path = "Target Support Files/Pods-Daru/Pods-Daru.debug.xcconfig"; sourceTree = "<group>"; };
		AE1A753B2831289A000D8144 /* AppFlow.swift */ = {isa = PBXFileReference; lastKnownFileType = sourcecode.swift; path = AppFlow.swift; sourceTree = "<group>"; };
		AE1C70C6283BA192008EB099 /* UnderLineLabel.swift */ = {isa = PBXFileReference; lastKnownFileType = sourcecode.swift; path = UnderLineLabel.swift; sourceTree = "<group>"; };
		AE2C848F2840F66A00E2B6E2 /* ManagePostCommunitySectionHeaderView.swift */ = {isa = PBXFileReference; lastKnownFileType = sourcecode.swift; path = ManagePostCommunitySectionHeaderView.swift; sourceTree = "<group>"; };
		AE2C84912840F8F100E2B6E2 /* ManagePostCommunityCell.swift */ = {isa = PBXFileReference; lastKnownFileType = sourcecode.swift; path = ManagePostCommunityCell.swift; sourceTree = "<group>"; };
		AE2C8493284107D300E2B6E2 /* ManagePostCommunitySectionBackgroundView.swift */ = {isa = PBXFileReference; lastKnownFileType = sourcecode.swift; path = ManagePostCommunitySectionBackgroundView.swift; sourceTree = "<group>"; };
		AE3F4834283259DE008404F1 /* DaruStep.swift */ = {isa = PBXFileReference; lastKnownFileType = sourcecode.swift; path = DaruStep.swift; sourceTree = "<group>"; };
		AE3F483A283268EE008404F1 /* BaseViewController.swift */ = {isa = PBXFileReference; lastKnownFileType = sourcecode.swift; path = BaseViewController.swift; sourceTree = "<group>"; };
		AE3F483C28326C38008404F1 /* HomeFlow.swift */ = {isa = PBXFileReference; lastKnownFileType = sourcecode.swift; path = HomeFlow.swift; sourceTree = "<group>"; };
		AE3F483E28326C4A008404F1 /* MyDaruFlow.swift */ = {isa = PBXFileReference; lastKnownFileType = sourcecode.swift; path = MyDaruFlow.swift; sourceTree = "<group>"; };
		AE3F484028326C5D008404F1 /* CommunityFlow.swift */ = {isa = PBXFileReference; lastKnownFileType = sourcecode.swift; path = CommunityFlow.swift; sourceTree = "<group>"; };
		AE3F484228326C6B008404F1 /* TeahouseMapFlow.swift */ = {isa = PBXFileReference; lastKnownFileType = sourcecode.swift; path = TeahouseMapFlow.swift; sourceTree = "<group>"; };
		AE3F484428326E1F008404F1 /* MainFlow.swift */ = {isa = PBXFileReference; lastKnownFileType = sourcecode.swift; path = MainFlow.swift; sourceTree = "<group>"; };
		AE3F484728329A31008404F1 /* TabViewController.swift */ = {isa = PBXFileReference; lastKnownFileType = sourcecode.swift; path = TabViewController.swift; sourceTree = "<group>"; };
		AE3F484928329FFA008404F1 /* AppStepper.swift */ = {isa = PBXFileReference; lastKnownFileType = sourcecode.swift; path = AppStepper.swift; sourceTree = "<group>"; };
		AE3F484E2832AF6D008404F1 /* UIColor+.swift */ = {isa = PBXFileReference; lastKnownFileType = sourcecode.swift; path = "UIColor+.swift"; sourceTree = "<group>"; };
		AE4EB7C82838C56500D556CA /* HomeFooterCell.swift */ = {isa = PBXFileReference; lastKnownFileType = sourcecode.swift; path = HomeFooterCell.swift; sourceTree = "<group>"; };
		AE4EB7CA2838C75300D556CA /* NanumGothic.ttf */ = {isa = PBXFileReference; lastKnownFileType = file; path = NanumGothic.ttf; sourceTree = "<group>"; };
		AE4EB7D52839B7A900D556CA /* MBTeaIViewController.swift */ = {isa = PBXFileReference; lastKnownFileType = sourcecode.swift; path = MBTeaIViewController.swift; sourceTree = "<group>"; };
		AE4EB7D72839B7E800D556CA /* FavoriteTeaHousesViewController.swift */ = {isa = PBXFileReference; lastKnownFileType = sourcecode.swift; path = FavoriteTeaHousesViewController.swift; sourceTree = "<group>"; };
		AE4EB7D92839B8F200D556CA /* MBTeaIFlow.swift */ = {isa = PBXFileReference; lastKnownFileType = sourcecode.swift; path = MBTeaIFlow.swift; sourceTree = "<group>"; };
		AE4EB7DB2839B91600D556CA /* FavoriteTeaHouseFlow.swift */ = {isa = PBXFileReference; lastKnownFileType = sourcecode.swift; path = FavoriteTeaHouseFlow.swift; sourceTree = "<group>"; };
		AE52F68B283CCEFB000475EF /* MyMBTeaICell.swift */ = {isa = PBXFileReference; lastKnownFileType = sourcecode.swift; path = MyMBTeaICell.swift; sourceTree = "<group>"; };
		AE52F68D283CD0FE000475EF /* MyMBTeaIHeaderView.swift */ = {isa = PBXFileReference; lastKnownFileType = sourcecode.swift; path = MyMBTeaIHeaderView.swift; sourceTree = "<group>"; };
		AE52F68F283CD3F3000475EF /* PrimaryButton.swift */ = {isa = PBXFileReference; lastKnownFileType = sourcecode.swift; path = PrimaryButton.swift; sourceTree = "<group>"; };
		AE52F691283CDCD6000475EF /* MyFavoriteTeaHeaderView.swift */ = {isa = PBXFileReference; lastKnownFileType = sourcecode.swift; path = MyFavoriteTeaHeaderView.swift; sourceTree = "<group>"; };
		AE52F693283CE06B000475EF /* MyFavoriteTeaCell.swift */ = {isa = PBXFileReference; lastKnownFileType = sourcecode.swift; path = MyFavoriteTeaCell.swift; sourceTree = "<group>"; };
		AE52F695283CEC29000475EF /* MyFavoriteTeaFooterView.swift */ = {isa = PBXFileReference; lastKnownFileType = sourcecode.swift; path = MyFavoriteTeaFooterView.swift; sourceTree = "<group>"; };
		AE52F697283D0CB9000475EF /* SecondaryTabViewController.swift */ = {isa = PBXFileReference; lastKnownFileType = sourcecode.swift; path = SecondaryTabViewController.swift; sourceTree = "<group>"; };
		AE52F69B283D1EFD000475EF /* FavoriteTeahouseHeaderView.swift */ = {isa = PBXFileReference; lastKnownFileType = sourcecode.swift; path = FavoriteTeahouseHeaderView.swift; sourceTree = "<group>"; };
		AE52F69E283D3054000475EF /* PostListViewController.swift */ = {isa = PBXFileReference; lastKnownFileType = sourcecode.swift; path = PostListViewController.swift; sourceTree = "<group>"; };
		AE52F6A0283D3175000475EF /* ManagePostViewController.swift */ = {isa = PBXFileReference; lastKnownFileType = sourcecode.swift; path = ManagePostViewController.swift; sourceTree = "<group>"; };
		AE52F6A2283D3410000475EF /* PostListFlow.swift */ = {isa = PBXFileReference; lastKnownFileType = sourcecode.swift; path = PostListFlow.swift; sourceTree = "<group>"; };
		AE52F6A4283D37B6000475EF /* ManagePostFlow.swift */ = {isa = PBXFileReference; lastKnownFileType = sourcecode.swift; path = ManagePostFlow.swift; sourceTree = "<group>"; };
		AE52F6A7283D3D8B000475EF /* PostTableViewCell.swift */ = {isa = PBXFileReference; lastKnownFileType = sourcecode.swift; path = PostTableViewCell.swift; sourceTree = "<group>"; };
		AE68D3662837E8DE0017C8CB /* RegionCategoryHeaderView.swift */ = {isa = PBXFileReference; lastKnownFileType = sourcecode.swift; path = RegionCategoryHeaderView.swift; sourceTree = "<group>"; };
		AE68D3682837E9BE0017C8CB /* RegionCategoryCell.swift */ = {isa = PBXFileReference; lastKnownFileType = sourcecode.swift; path = RegionCategoryCell.swift; sourceTree = "<group>"; };
		AE88FDDA28450C080050E3DC /* TeahouseListHeaderView.swift */ = {isa = PBXFileReference; lastKnownFileType = sourcecode.swift; path = TeahouseListHeaderView.swift; sourceTree = "<group>"; };
		AE88FDDC28450F750050E3DC /* NearTeahouseTitleCell.swift */ = {isa = PBXFileReference; lastKnownFileType = sourcecode.swift; path = NearTeahouseTitleCell.swift; sourceTree = "<group>"; };
		AE88FDDE284514D40050E3DC /* NearTeahouseDataSource.swift */ = {isa = PBXFileReference; lastKnownFileType = sourcecode.swift; path = NearTeahouseDataSource.swift; sourceTree = "<group>"; };
		AE88FDE1284533030050E3DC /* RecommendTeahouseViewController.swift */ = {isa = PBXFileReference; lastKnownFileType = sourcecode.swift; path = RecommendTeahouseViewController.swift; sourceTree = "<group>"; };
		AE88FDE3284533290050E3DC /* RecommendTeahouseReactor.swift */ = {isa = PBXFileReference; lastKnownFileType = sourcecode.swift; path = RecommendTeahouseReactor.swift; sourceTree = "<group>"; };
		AE88FDE52845364D0050E3DC /* RecommendTeahouseTitleCell.swift */ = {isa = PBXFileReference; lastKnownFileType = sourcecode.swift; path = RecommendTeahouseTitleCell.swift; sourceTree = "<group>"; };
		AE88FDE8284537BF0050E3DC /* RecommendTeahouseDataSource.swift */ = {isa = PBXFileReference; lastKnownFileType = sourcecode.swift; path = RecommendTeahouseDataSource.swift; sourceTree = "<group>"; };
		AE88FDFD2845EA1B0050E3DC /* PostDetailViewController.swift */ = {isa = PBXFileReference; lastKnownFileType = sourcecode.swift; path = PostDetailViewController.swift; sourceTree = "<group>"; };
		AE88FDFF2845EA480050E3DC /* PostDetailReactor.swift */ = {isa = PBXFileReference; lastKnownFileType = sourcecode.swift; path = PostDetailReactor.swift; sourceTree = "<group>"; };
		AE88FE012845EB5B0050E3DC /* PostListReactor.swift */ = {isa = PBXFileReference; lastKnownFileType = sourcecode.swift; path = PostListReactor.swift; sourceTree = "<group>"; };
		AE88FE032845F17F0050E3DC /* PostContentCell.swift */ = {isa = PBXFileReference; lastKnownFileType = sourcecode.swift; path = PostContentCell.swift; sourceTree = "<group>"; };
		AE9A0AE528339DD100FCEC1C /* NotoSansKR-Bold.otf */ = {isa = PBXFileReference; lastKnownFileType = file; path = "NotoSansKR-Bold.otf"; sourceTree = "<group>"; };
		AE9A0AE628339DD100FCEC1C /* NotoSansKR-Medium.otf */ = {isa = PBXFileReference; lastKnownFileType = file; path = "NotoSansKR-Medium.otf"; sourceTree = "<group>"; };
		AE9A0AE728339DD200FCEC1C /* NotoSansKR-Regular.otf */ = {isa = PBXFileReference; lastKnownFileType = file; path = "NotoSansKR-Regular.otf"; sourceTree = "<group>"; };
		AE9A0AEB28339E5800FCEC1C /* UIFont+.swift */ = {isa = PBXFileReference; lastKnownFileType = sourcecode.swift; path = "UIFont+.swift"; sourceTree = "<group>"; };
		AE9A0AF32833AB2D00FCEC1C /* HomeViewController.swift */ = {isa = PBXFileReference; lastKnownFileType = sourcecode.swift; path = HomeViewController.swift; sourceTree = "<group>"; };
		AE9A0AF52833C06B00FCEC1C /* Constant.swift */ = {isa = PBXFileReference; lastKnownFileType = sourcecode.swift; path = Constant.swift; sourceTree = "<group>"; };
		AE9A0AF82833D94400FCEC1C /* HomeReactor.swift */ = {isa = PBXFileReference; lastKnownFileType = sourcecode.swift; path = HomeReactor.swift; sourceTree = "<group>"; };
		AE9A0AFB2833DB7700FCEC1C /* BannerCell.swift */ = {isa = PBXFileReference; lastKnownFileType = sourcecode.swift; path = BannerCell.swift; sourceTree = "<group>"; };
		AE9A0AFD2833E08800FCEC1C /* HomeRecommendTeaHouseSectionHeaderView.swift */ = {isa = PBXFileReference; lastKnownFileType = sourcecode.swift; path = HomeRecommendTeaHouseSectionHeaderView.swift; sourceTree = "<group>"; };
		AE9A0AFF2833E3F200FCEC1C /* TeaHouseCell.swift */ = {isa = PBXFileReference; lastKnownFileType = sourcecode.swift; path = TeaHouseCell.swift; sourceTree = "<group>"; };
		AE9A0B012833FDA100FCEC1C /* HomeRecommendTeaHouseSectionFooterView.swift */ = {isa = PBXFileReference; lastKnownFileType = sourcecode.swift; path = HomeRecommendTeaHouseSectionFooterView.swift; sourceTree = "<group>"; };
		AE9F74722834B93600C31F53 /* HomeNearTeaHouseSectionHeaderView.swift */ = {isa = PBXFileReference; lastKnownFileType = sourcecode.swift; path = HomeNearTeaHouseSectionHeaderView.swift; sourceTree = "<group>"; };
		AE9F74742834C65900C31F53 /* RecentPostHeaderView.swift */ = {isa = PBXFileReference; lastKnownFileType = sourcecode.swift; path = RecentPostHeaderView.swift; sourceTree = "<group>"; };
		AE9F74762834C9D900C31F53 /* PostCollectionViewCell.swift */ = {isa = PBXFileReference; lastKnownFileType = sourcecode.swift; path = PostCollectionViewCell.swift; sourceTree = "<group>"; };
		AEB46C78280F97BE008EF53F /* Daru.app */ = {isa = PBXFileReference; explicitFileType = wrapper.application; includeInIndex = 0; path = Daru.app; sourceTree = BUILT_PRODUCTS_DIR; };
		AEB46C7B280F97BE008EF53F /* AppDelegate.swift */ = {isa = PBXFileReference; lastKnownFileType = sourcecode.swift; path = AppDelegate.swift; sourceTree = "<group>"; };
		AEB46C7D280F97BE008EF53F /* SceneDelegate.swift */ = {isa = PBXFileReference; lastKnownFileType = sourcecode.swift; path = SceneDelegate.swift; sourceTree = "<group>"; };
		AEB46C84280F97BF008EF53F /* Assets.xcassets */ = {isa = PBXFileReference; lastKnownFileType = folder.assetcatalog; path = Assets.xcassets; sourceTree = "<group>"; };
		AEB46C87280F97BF008EF53F /* Base */ = {isa = PBXFileReference; lastKnownFileType = file.storyboard; name = Base; path = Base.lproj/LaunchScreen.storyboard; sourceTree = "<group>"; };
		AEB46C89280F97BF008EF53F /* Info.plist */ = {isa = PBXFileReference; lastKnownFileType = text.plist.xml; path = Info.plist; sourceTree = "<group>"; };
		AEB684E82851E3BC00843D7F /* PostDetailDataSource.swift */ = {isa = PBXFileReference; lastKnownFileType = sourcecode.swift; path = PostDetailDataSource.swift; sourceTree = "<group>"; };
		AEB684EA2851F43A00843D7F /* PostCommentCell.swift */ = {isa = PBXFileReference; lastKnownFileType = sourcecode.swift; path = PostCommentCell.swift; sourceTree = "<group>"; };
		AEB684EC285208CB00843D7F /* PostCommentHeaderView.swift */ = {isa = PBXFileReference; lastKnownFileType = sourcecode.swift; path = PostCommentHeaderView.swift; sourceTree = "<group>"; };
		AEE7C2D4284392FB00FF9CFB /* CALayer+.swift */ = {isa = PBXFileReference; lastKnownFileType = sourcecode.swift; path = "CALayer+.swift"; sourceTree = "<group>"; };
		AEE7C2D72843944000FF9CFB /* NearTeahouseViewController.swift */ = {isa = PBXFileReference; lastKnownFileType = sourcecode.swift; path = NearTeahouseViewController.swift; sourceTree = "<group>"; };
		AEE7C2D928439F1700FF9CFB /* NearTeahouseReactor.swift */ = {isa = PBXFileReference; lastKnownFileType = sourcecode.swift; path = NearTeahouseReactor.swift; sourceTree = "<group>"; };
		AEE7C2EF2843DE9900FF9CFB /* HomeDataSource.swift */ = {isa = PBXFileReference; lastKnownFileType = sourcecode.swift; path = HomeDataSource.swift; sourceTree = "<group>"; };
		AEF40C112839D2EB00E629AD /* MBTeaIExplainationCell.swift */ = {isa = PBXFileReference; lastKnownFileType = sourcecode.swift; path = MBTeaIExplainationCell.swift; sourceTree = "<group>"; };
/* End PBXFileReference section */

/* Begin PBXFrameworksBuildPhase section */
		AEB46C75280F97BE008EF53F /* Frameworks */ = {
			isa = PBXFrameworksBuildPhase;
			buildActionMask = 2147483647;
			files = (
				0351380C9A804DC0BE4272D0 /* Pods_Daru.framework in Frameworks */,
			);
			runOnlyForDeploymentPostprocessing = 0;
		};
/* End PBXFrameworksBuildPhase section */

/* Begin PBXGroup section */
		71FDFE7C18982CF2B439CC2A /* Pods */ = {
			isa = PBXGroup;
			children = (
				6F042F466EFB7020E9197E7E /* Pods-Daru.debug.xcconfig */,
				1C46B0AD7157347C67E03D70 /* Pods-Daru.release.xcconfig */,
			);
			path = Pods;
			sourceTree = "<group>";
		};
		AE1A7530283123AD000D8144 /* Resources */ = {
			isa = PBXGroup;
			children = (
				AE9A0AEE2833A01700FCEC1C /* Font */,
				AEB46C84280F97BF008EF53F /* Assets.xcassets */,
			);
			path = Resources;
			sourceTree = "<group>";
		};
		AE1A7531283123B5000D8144 /* Sources */ = {
			isa = PBXGroup;
			children = (
				AE57A46F28533E5000B05AB2 /* Service */,
				AE57A46D28533D9C00B05AB2 /* Models */,
				AE1A753A28312596000D8144 /* Network */,
				AE1A753428312445000D8144 /* Presentation */,
				AE1A75332831242C000D8144 /* Application */,
			);
			path = Sources;
			sourceTree = "<group>";
		};
		AE1A75332831242C000D8144 /* Application */ = {
			isa = PBXGroup;
			children = (
				AEB46C86280F97BF008EF53F /* LaunchScreen.storyboard */,
				AEB46C7B280F97BE008EF53F /* AppDelegate.swift */,
				AEB46C7D280F97BE008EF53F /* SceneDelegate.swift */,
			);
			path = Application;
			sourceTree = "<group>";
		};
		AE1A753428312445000D8144 /* Presentation */ = {
			isa = PBXGroup;
			children = (
				AE52F69D283D3037000475EF /* CommunityScene */,
				AE4EB7CD2838D56700D556CA /* MyDaruScene */,
				AE9A0AF12833AAF100FCEC1C /* HomeScene */,
				AE3F48392832619E008404F1 /* Common */,
				AE1A753628312458000D8144 /* Coorinate */,
			);
			path = Presentation;
			sourceTree = "<group>";
		};
		AE1A753628312458000D8144 /* Coorinate */ = {
			isa = PBXGroup;
			children = (
				AE1A753B2831289A000D8144 /* AppFlow.swift */,
				AE3F484928329FFA008404F1 /* AppStepper.swift */,
				AE3F484428326E1F008404F1 /* MainFlow.swift */,
				AE3F4834283259DE008404F1 /* DaruStep.swift */,
				AE3F483C28326C38008404F1 /* HomeFlow.swift */,
				AE3F483E28326C4A008404F1 /* MyDaruFlow.swift */,
				AE3F484028326C5D008404F1 /* CommunityFlow.swift */,
				AE3F484228326C6B008404F1 /* TeahouseMapFlow.swift */,
				AE4EB7D92839B8F200D556CA /* MBTeaIFlow.swift */,
				AE4EB7DB2839B91600D556CA /* FavoriteTeaHouseFlow.swift */,
				AE52F6A2283D3410000475EF /* PostListFlow.swift */,
				AE52F6A4283D37B6000475EF /* ManagePostFlow.swift */,
			);
			path = Coorinate;
			sourceTree = "<group>";
		};
		AE1A753A28312596000D8144 /* Network */ = {
			isa = PBXGroup;
			children = (
			);
			path = Network;
			sourceTree = "<group>";
		};
		AE3F48392832619E008404F1 /* Common */ = {
			isa = PBXGroup;
			children = (
				AE3F484D2832AF66008404F1 /* Extensions */,
				AE9F74762834C9D900C31F53 /* PostCollectionViewCell.swift */,
				AE52F6A7283D3D8B000475EF /* PostTableViewCell.swift */,
				AE3F483A283268EE008404F1 /* BaseViewController.swift */,
				AE3F484728329A31008404F1 /* TabViewController.swift */,
				AE9A0AF52833C06B00FCEC1C /* Constant.swift */,
				AE1C70C6283BA192008EB099 /* UnderLineLabel.swift */,
				AE52F68F283CD3F3000475EF /* PrimaryButton.swift */,
				AE9A0AFF2833E3F200FCEC1C /* TeaHouseCell.swift */,
				AE52F697283D0CB9000475EF /* SecondaryTabViewController.swift */,
			);
			path = Common;
			sourceTree = "<group>";
		};
		AE3F484D2832AF66008404F1 /* Extensions */ = {
			isa = PBXGroup;
			children = (
				AE3F484E2832AF6D008404F1 /* UIColor+.swift */,
				AE9A0AEB28339E5800FCEC1C /* UIFont+.swift */,
				AEE7C2D4284392FB00FF9CFB /* CALayer+.swift */,
			);
			path = Extensions;
			sourceTree = "<group>";
		};
		AE4EB7CD2838D56700D556CA /* MyDaruScene */ = {
			isa = PBXGroup;
			children = (
				AE57A46B28533D5700B05AB2 /* ViewControllers */,
				AEF40C102839D24100E629AD /* Views */,
			);
			path = MyDaruScene;
			sourceTree = "<group>";
		};
		AE52F69D283D3037000475EF /* CommunityScene */ = {
			isa = PBXGroup;
			children = (
				AE57A46A28533D4200B05AB2 /* ViewControllers */,
				AEB684E52851E27800843D7F /* DataSources */,
				AE52F6A6283D3BFD000475EF /* Views */,
			);
			path = CommunityScene;
			sourceTree = "<group>";
		};
		AE52F6A6283D3BFD000475EF /* Views */ = {
			isa = PBXGroup;
			children = (
				AE2C848F2840F66A00E2B6E2 /* ManagePostCommunitySectionHeaderView.swift */,
				AE2C84912840F8F100E2B6E2 /* ManagePostCommunityCell.swift */,
				AE2C8493284107D300E2B6E2 /* ManagePostCommunitySectionBackgroundView.swift */,
				AE88FE032845F17F0050E3DC /* PostContentCell.swift */,
				AEB684EA2851F43A00843D7F /* PostCommentCell.swift */,
				AEB684EC285208CB00843D7F /* PostCommentHeaderView.swift */,
			);
			path = Views;
			sourceTree = "<group>";
		};
		AE57A46928533CF300B05AB2 /* Supporting Files */ = {
			isa = PBXGroup;
			children = (
				AEB46C89280F97BF008EF53F /* Info.plist */,
			);
			path = "Supporting Files";
			sourceTree = "<group>";
		};
		AE57A46A28533D4200B05AB2 /* ViewControllers */ = {
			isa = PBXGroup;
			children = (
				AE52F69E283D3054000475EF /* PostListViewController.swift */,
				AE88FE012845EB5B0050E3DC /* PostListReactor.swift */,
				AE52F6A0283D3175000475EF /* ManagePostViewController.swift */,
				AE88FDFD2845EA1B0050E3DC /* PostDetailViewController.swift */,
				AE88FDFF2845EA480050E3DC /* PostDetailReactor.swift */,
			);
			path = ViewControllers;
			sourceTree = "<group>";
		};
		AE57A46B28533D5700B05AB2 /* ViewControllers */ = {
			isa = PBXGroup;
			children = (
				AE4EB7D52839B7A900D556CA /* MBTeaIViewController.swift */,
				AE4EB7D72839B7E800D556CA /* FavoriteTeaHousesViewController.swift */,
			);
			path = ViewControllers;
			sourceTree = "<group>";
		};
		AE57A46C28533D6A00B05AB2 /* ViewControllers */ = {
			isa = PBXGroup;
			children = (
				AE9A0AF32833AB2D00FCEC1C /* HomeViewController.swift */,
				AE9A0AF82833D94400FCEC1C /* HomeReactor.swift */,
				AEE7C2D72843944000FF9CFB /* NearTeahouseViewController.swift */,
				AEE7C2D928439F1700FF9CFB /* NearTeahouseReactor.swift */,
				AE88FDE1284533030050E3DC /* RecommendTeahouseViewController.swift */,
				AE88FDE3284533290050E3DC /* RecommendTeahouseReactor.swift */,
			);
			path = ViewControllers;
			sourceTree = "<group>";
		};
		AE57A46D28533D9C00B05AB2 /* Models */ = {
			isa = PBXGroup;
			children = (
			);
			path = Models;
			sourceTree = "<group>";
		};
		AE57A46F28533E5000B05AB2 /* Service */ = {
			isa = PBXGroup;
			children = (
			);
			path = Service;
			sourceTree = "<group>";
		};
		AE9A0AEE2833A01700FCEC1C /* Font */ = {
			isa = PBXGroup;
			children = (
				AE9A0AE528339DD100FCEC1C /* NotoSansKR-Bold.otf */,
				AE9A0AE628339DD100FCEC1C /* NotoSansKR-Medium.otf */,
				AE4EB7CA2838C75300D556CA /* NanumGothic.ttf */,
				AE9A0AE728339DD200FCEC1C /* NotoSansKR-Regular.otf */,
			);
			path = Font;
			sourceTree = "<group>";
		};
		AE9A0AF12833AAF100FCEC1C /* HomeScene */ = {
			isa = PBXGroup;
			children = (
				AE57A46C28533D6A00B05AB2 /* ViewControllers */,
				AEE7C2EE2843DE8A00FF9CFB /* DataSources */,
				AE9A0AFA2833DB6500FCEC1C /* Views */,
			);
			path = HomeScene;
			sourceTree = "<group>";
		};
		AE9A0AFA2833DB6500FCEC1C /* Views */ = {
			isa = PBXGroup;
			children = (
				AE9A0AFB2833DB7700FCEC1C /* BannerCell.swift */,
				AE9A0AFD2833E08800FCEC1C /* HomeRecommendTeaHouseSectionHeaderView.swift */,
				AE9A0B012833FDA100FCEC1C /* HomeRecommendTeaHouseSectionFooterView.swift */,
				AE9F74722834B93600C31F53 /* HomeNearTeaHouseSectionHeaderView.swift */,
				AE9F74742834C65900C31F53 /* RecentPostHeaderView.swift */,
				AE68D3662837E8DE0017C8CB /* RegionCategoryHeaderView.swift */,
				AE68D3682837E9BE0017C8CB /* RegionCategoryCell.swift */,
				AE4EB7C82838C56500D556CA /* HomeFooterCell.swift */,
				AE88FDDA28450C080050E3DC /* TeahouseListHeaderView.swift */,
				AE88FDDC28450F750050E3DC /* NearTeahouseTitleCell.swift */,
				AE88FDE52845364D0050E3DC /* RecommendTeahouseTitleCell.swift */,
			);
			path = Views;
			sourceTree = "<group>";
		};
		AEB46C6F280F97BE008EF53F = {
			isa = PBXGroup;
			children = (
				AEB46C7A280F97BE008EF53F /* Daru */,
				AEB46C79280F97BE008EF53F /* Products */,
				71FDFE7C18982CF2B439CC2A /* Pods */,
				D25C7C34924EC672CCF3C666 /* Frameworks */,
			);
			sourceTree = "<group>";
		};
		AEB46C79280F97BE008EF53F /* Products */ = {
			isa = PBXGroup;
			children = (
				AEB46C78280F97BE008EF53F /* Daru.app */,
			);
			name = Products;
			sourceTree = "<group>";
		};
		AEB46C7A280F97BE008EF53F /* Daru */ = {
			isa = PBXGroup;
			children = (
				AE57A46928533CF300B05AB2 /* Supporting Files */,
				AE1A7531283123B5000D8144 /* Sources */,
				AE1A7530283123AD000D8144 /* Resources */,
			);
			path = Daru;
			sourceTree = "<group>";
		};
		AEB684E52851E27800843D7F /* DataSources */ = {
			isa = PBXGroup;
			children = (
				AEB684E82851E3BC00843D7F /* PostDetailDataSource.swift */,
			);
			path = DataSources;
			sourceTree = "<group>";
		};
		AEE7C2EE2843DE8A00FF9CFB /* DataSources */ = {
			isa = PBXGroup;
			children = (
				AEE7C2EF2843DE9900FF9CFB /* HomeDataSource.swift */,
				AE88FDDE284514D40050E3DC /* NearTeahouseDataSource.swift */,
				AE88FDE8284537BF0050E3DC /* RecommendTeahouseDataSource.swift */,
			);
			path = DataSources;
			sourceTree = "<group>";
		};
		AEF40C102839D24100E629AD /* Views */ = {
			isa = PBXGroup;
			children = (
				AEF40C112839D2EB00E629AD /* MBTeaIExplainationCell.swift */,
				AE52F68B283CCEFB000475EF /* MyMBTeaICell.swift */,
				AE52F68D283CD0FE000475EF /* MyMBTeaIHeaderView.swift */,
				AE52F691283CDCD6000475EF /* MyFavoriteTeaHeaderView.swift */,
				AE52F693283CE06B000475EF /* MyFavoriteTeaCell.swift */,
				AE52F695283CEC29000475EF /* MyFavoriteTeaFooterView.swift */,
				AE52F69B283D1EFD000475EF /* FavoriteTeahouseHeaderView.swift */,
			);
			path = Views;
			sourceTree = "<group>";
		};
		D25C7C34924EC672CCF3C666 /* Frameworks */ = {
			isa = PBXGroup;
			children = (
				3B6AC7BA26ADD9431DDE91DB /* Pods_Daru.framework */,
			);
			name = Frameworks;
			sourceTree = "<group>";
		};
/* End PBXGroup section */

/* Begin PBXNativeTarget section */
		AEB46C77280F97BE008EF53F /* Daru */ = {
			isa = PBXNativeTarget;
			buildConfigurationList = AEB46C8C280F97BF008EF53F /* Build configuration list for PBXNativeTarget "Daru" */;
			buildPhases = (
				FBC2D122846F3A44CEE63E06 /* [CP] Check Pods Manifest.lock */,
				AEB46C74280F97BE008EF53F /* Sources */,
				AEB46C75280F97BE008EF53F /* Frameworks */,
				AEB46C76280F97BE008EF53F /* Resources */,
				5B357C42A2F0138473F6D242 /* [CP] Embed Pods Frameworks */,
			);
			buildRules = (
			);
			dependencies = (
			);
			name = Daru;
			productName = Daru;
			productReference = AEB46C78280F97BE008EF53F /* Daru.app */;
			productType = "com.apple.product-type.application";
		};
/* End PBXNativeTarget section */

/* Begin PBXProject section */
		AEB46C70280F97BE008EF53F /* Project object */ = {
			isa = PBXProject;
			attributes = {
				BuildIndependentTargetsInParallel = 1;
				LastSwiftUpdateCheck = 1320;
				LastUpgradeCheck = 1320;
				TargetAttributes = {
					AEB46C77280F97BE008EF53F = {
						CreatedOnToolsVersion = 13.2.1;
					};
				};
			};
			buildConfigurationList = AEB46C73280F97BE008EF53F /* Build configuration list for PBXProject "Daru" */;
			compatibilityVersion = "Xcode 13.0";
			developmentRegion = en;
			hasScannedForEncodings = 0;
			knownRegions = (
				en,
				Base,
			);
			mainGroup = AEB46C6F280F97BE008EF53F;
			productRefGroup = AEB46C79280F97BE008EF53F /* Products */;
			projectDirPath = "";
			projectRoot = "";
			targets = (
				AEB46C77280F97BE008EF53F /* Daru */,
			);
		};
/* End PBXProject section */

/* Begin PBXResourcesBuildPhase section */
		AEB46C76280F97BE008EF53F /* Resources */ = {
			isa = PBXResourcesBuildPhase;
			buildActionMask = 2147483647;
			files = (
				AE4EB7CB2838C75300D556CA /* NanumGothic.ttf in Resources */,
				AE9A0AE928339DD200FCEC1C /* NotoSansKR-Medium.otf in Resources */,
				AEB46C88280F97BF008EF53F /* LaunchScreen.storyboard in Resources */,
				AE9A0AE828339DD200FCEC1C /* NotoSansKR-Bold.otf in Resources */,
				AEB46C85280F97BF008EF53F /* Assets.xcassets in Resources */,
				AE9A0AED28339FAE00FCEC1C /* NotoSansKR-Regular.otf in Resources */,
			);
			runOnlyForDeploymentPostprocessing = 0;
		};
/* End PBXResourcesBuildPhase section */

/* Begin PBXShellScriptBuildPhase section */
		5B357C42A2F0138473F6D242 /* [CP] Embed Pods Frameworks */ = {
			isa = PBXShellScriptBuildPhase;
			buildActionMask = 2147483647;
			files = (
			);
			inputFileListPaths = (
				"${PODS_ROOT}/Target Support Files/Pods-Daru/Pods-Daru-frameworks-${CONFIGURATION}-input-files.xcfilelist",
			);
			name = "[CP] Embed Pods Frameworks";
			outputFileListPaths = (
				"${PODS_ROOT}/Target Support Files/Pods-Daru/Pods-Daru-frameworks-${CONFIGURATION}-output-files.xcfilelist",
			);
			runOnlyForDeploymentPostprocessing = 0;
			shellPath = /bin/sh;
			shellScript = "\"${PODS_ROOT}/Target Support Files/Pods-Daru/Pods-Daru-frameworks.sh\"\n";
			showEnvVarsInLog = 0;
		};
		FBC2D122846F3A44CEE63E06 /* [CP] Check Pods Manifest.lock */ = {
			isa = PBXShellScriptBuildPhase;
			buildActionMask = 2147483647;
			files = (
			);
			inputFileListPaths = (
			);
			inputPaths = (
				"${PODS_PODFILE_DIR_PATH}/Podfile.lock",
				"${PODS_ROOT}/Manifest.lock",
			);
			name = "[CP] Check Pods Manifest.lock";
			outputFileListPaths = (
			);
			outputPaths = (
				"$(DERIVED_FILE_DIR)/Pods-Daru-checkManifestLockResult.txt",
			);
			runOnlyForDeploymentPostprocessing = 0;
			shellPath = /bin/sh;
			shellScript = "diff \"${PODS_PODFILE_DIR_PATH}/Podfile.lock\" \"${PODS_ROOT}/Manifest.lock\" > /dev/null\nif [ $? != 0 ] ; then\n    # print error to STDERR\n    echo \"error: The sandbox is not in sync with the Podfile.lock. Run 'pod install' or update your CocoaPods installation.\" >&2\n    exit 1\nfi\n# This output is used by Xcode 'outputs' to avoid re-running this script phase.\necho \"SUCCESS\" > \"${SCRIPT_OUTPUT_FILE_0}\"\n";
			showEnvVarsInLog = 0;
		};
/* End PBXShellScriptBuildPhase section */

/* Begin PBXSourcesBuildPhase section */
		AEB46C74280F97BE008EF53F /* Sources */ = {
			isa = PBXSourcesBuildPhase;
			buildActionMask = 2147483647;
			files = (
				AE9F74752834C65900C31F53 /* RecentPostHeaderView.swift in Sources */,
				AE88FDE4284533290050E3DC /* RecommendTeahouseReactor.swift in Sources */,
				AE52F68C283CCEFB000475EF /* MyMBTeaICell.swift in Sources */,
				AE88FDE62845364D0050E3DC /* RecommendTeahouseTitleCell.swift in Sources */,
				AE3F483B283268EE008404F1 /* BaseViewController.swift in Sources */,
				AE1C70C7283BA192008EB099 /* UnderLineLabel.swift in Sources */,
				AE3F483F28326C4A008404F1 /* MyDaruFlow.swift in Sources */,
				AE88FE022845EB5B0050E3DC /* PostListReactor.swift in Sources */,
				AE52F6A1283D3175000475EF /* ManagePostViewController.swift in Sources */,
				AE2C84902840F66A00E2B6E2 /* ManagePostCommunitySectionHeaderView.swift in Sources */,
				AE52F694283CE06B000475EF /* MyFavoriteTeaCell.swift in Sources */,
				AE52F698283D0CB9000475EF /* SecondaryTabViewController.swift in Sources */,
				AE9A0B002833E3F200FCEC1C /* TeaHouseCell.swift in Sources */,
				AE3F484528326E1F008404F1 /* MainFlow.swift in Sources */,
				AE88FDE9284537BF0050E3DC /* RecommendTeahouseDataSource.swift in Sources */,
				AE9A0AF62833C06B00FCEC1C /* Constant.swift in Sources */,
				AE2C84922840F8F100E2B6E2 /* ManagePostCommunityCell.swift in Sources */,
				AE9A0AFE2833E08800FCEC1C /* HomeRecommendTeaHouseSectionHeaderView.swift in Sources */,
				AE88FDFE2845EA1B0050E3DC /* PostDetailViewController.swift in Sources */,
				AE52F69C283D1EFD000475EF /* FavoriteTeahouseHeaderView.swift in Sources */,
				AEB46C7C280F97BE008EF53F /* AppDelegate.swift in Sources */,
				AE88FDDD28450F750050E3DC /* NearTeahouseTitleCell.swift in Sources */,
				AE3F484328326C6B008404F1 /* TeahouseMapFlow.swift in Sources */,
				AE9A0AF42833AB2D00FCEC1C /* HomeViewController.swift in Sources */,
				AE3F484128326C5D008404F1 /* CommunityFlow.swift in Sources */,
				AE4EB7DC2839B91600D556CA /* FavoriteTeaHouseFlow.swift in Sources */,
				AE68D3692837E9BE0017C8CB /* RegionCategoryCell.swift in Sources */,
				AE4EB7DA2839B8F200D556CA /* MBTeaIFlow.swift in Sources */,
				AE3F484828329A31008404F1 /* TabViewController.swift in Sources */,
				AE52F69F283D3054000475EF /* PostListViewController.swift in Sources */,
				AE3F4835283259DE008404F1 /* DaruStep.swift in Sources */,
				AE52F6A3283D3410000475EF /* PostListFlow.swift in Sources */,
				AE4EB7D82839B7E800D556CA /* FavoriteTeaHousesViewController.swift in Sources */,
				AEE7C2D82843944000FF9CFB /* NearTeahouseViewController.swift in Sources */,
				AE4EB7D62839B7A900D556CA /* MBTeaIViewController.swift in Sources */,
				AE88FDDF284514D40050E3DC /* NearTeahouseDataSource.swift in Sources */,
				AE52F696283CEC29000475EF /* MyFavoriteTeaFooterView.swift in Sources */,
				AE9A0AF92833D94400FCEC1C /* HomeReactor.swift in Sources */,
				AE1A753C2831289A000D8144 /* AppFlow.swift in Sources */,
				AEB684ED285208CB00843D7F /* PostCommentHeaderView.swift in Sources */,
				AEF40C122839D2EB00E629AD /* MBTeaIExplainationCell.swift in Sources */,
				AE9F74732834B93600C31F53 /* HomeNearTeaHouseSectionHeaderView.swift in Sources */,
				AE3F484F2832AF6D008404F1 /* UIColor+.swift in Sources */,
				AE68D3672837E8DE0017C8CB /* RegionCategoryHeaderView.swift in Sources */,
				AEE7C2DA28439F1700FF9CFB /* NearTeahouseReactor.swift in Sources */,
				AE9A0AEC28339E5800FCEC1C /* UIFont+.swift in Sources */,
				AE52F68E283CD0FE000475EF /* MyMBTeaIHeaderView.swift in Sources */,
				AE4EB7C92838C56500D556CA /* HomeFooterCell.swift in Sources */,
				AE3F483D28326C38008404F1 /* HomeFlow.swift in Sources */,
				AEE7C2D5284392FB00FF9CFB /* CALayer+.swift in Sources */,
				AE88FE042845F17F0050E3DC /* PostContentCell.swift in Sources */,
				AE52F6A8283D3D8B000475EF /* PostTableViewCell.swift in Sources */,
				AE88FE002845EA480050E3DC /* PostDetailReactor.swift in Sources */,
				AEE7C2F02843DE9900FF9CFB /* HomeDataSource.swift in Sources */,
				AE52F6A5283D37B6000475EF /* ManagePostFlow.swift in Sources */,
				AE88FDDB28450C080050E3DC /* TeahouseListHeaderView.swift in Sources */,
				AE2C8494284107D300E2B6E2 /* ManagePostCommunitySectionBackgroundView.swift in Sources */,
				AEB46C7E280F97BE008EF53F /* SceneDelegate.swift in Sources */,
				AEB684E92851E3BC00843D7F /* PostDetailDataSource.swift in Sources */,
				AE52F692283CDCD6000475EF /* MyFavoriteTeaHeaderView.swift in Sources */,
				AE88FDE2284533030050E3DC /* RecommendTeahouseViewController.swift in Sources */,
				AE3F484A28329FFA008404F1 /* AppStepper.swift in Sources */,
				AE9A0B022833FDA100FCEC1C /* HomeRecommendTeaHouseSectionFooterView.swift in Sources */,
				AE9F74772834C9D900C31F53 /* PostCollectionViewCell.swift in Sources */,
				AEB684EB2851F43A00843D7F /* PostCommentCell.swift in Sources */,
				AE52F690283CD3F3000475EF /* PrimaryButton.swift in Sources */,
				AE9A0AFC2833DB7700FCEC1C /* BannerCell.swift in Sources */,
			);
			runOnlyForDeploymentPostprocessing = 0;
		};
/* End PBXSourcesBuildPhase section */

/* Begin PBXVariantGroup section */
		AEB46C86280F97BF008EF53F /* LaunchScreen.storyboard */ = {
			isa = PBXVariantGroup;
			children = (
				AEB46C87280F97BF008EF53F /* Base */,
			);
			name = LaunchScreen.storyboard;
			sourceTree = "<group>";
		};
/* End PBXVariantGroup section */

/* Begin XCBuildConfiguration section */
		AEB46C8A280F97BF008EF53F /* Debug */ = {
			isa = XCBuildConfiguration;
			buildSettings = {
				ALWAYS_SEARCH_USER_PATHS = NO;
				CLANG_ANALYZER_NONNULL = YES;
				CLANG_ANALYZER_NUMBER_OBJECT_CONVERSION = YES_AGGRESSIVE;
				CLANG_CXX_LANGUAGE_STANDARD = "gnu++17";
				CLANG_CXX_LIBRARY = "libc++";
				CLANG_ENABLE_MODULES = YES;
				CLANG_ENABLE_OBJC_ARC = YES;
				CLANG_ENABLE_OBJC_WEAK = YES;
				CLANG_WARN_BLOCK_CAPTURE_AUTORELEASING = YES;
				CLANG_WARN_BOOL_CONVERSION = YES;
				CLANG_WARN_COMMA = YES;
				CLANG_WARN_CONSTANT_CONVERSION = YES;
				CLANG_WARN_DEPRECATED_OBJC_IMPLEMENTATIONS = YES;
				CLANG_WARN_DIRECT_OBJC_ISA_USAGE = YES_ERROR;
				CLANG_WARN_DOCUMENTATION_COMMENTS = YES;
				CLANG_WARN_EMPTY_BODY = YES;
				CLANG_WARN_ENUM_CONVERSION = YES;
				CLANG_WARN_INFINITE_RECURSION = YES;
				CLANG_WARN_INT_CONVERSION = YES;
				CLANG_WARN_NON_LITERAL_NULL_CONVERSION = YES;
				CLANG_WARN_OBJC_IMPLICIT_RETAIN_SELF = YES;
				CLANG_WARN_OBJC_LITERAL_CONVERSION = YES;
				CLANG_WARN_OBJC_ROOT_CLASS = YES_ERROR;
				CLANG_WARN_QUOTED_INCLUDE_IN_FRAMEWORK_HEADER = YES;
				CLANG_WARN_RANGE_LOOP_ANALYSIS = YES;
				CLANG_WARN_STRICT_PROTOTYPES = YES;
				CLANG_WARN_SUSPICIOUS_MOVE = YES;
				CLANG_WARN_UNGUARDED_AVAILABILITY = YES_AGGRESSIVE;
				CLANG_WARN_UNREACHABLE_CODE = YES;
				CLANG_WARN__DUPLICATE_METHOD_MATCH = YES;
				COPY_PHASE_STRIP = NO;
				DEBUG_INFORMATION_FORMAT = dwarf;
				ENABLE_STRICT_OBJC_MSGSEND = YES;
				ENABLE_TESTABILITY = YES;
				GCC_C_LANGUAGE_STANDARD = gnu11;
				GCC_DYNAMIC_NO_PIC = NO;
				GCC_NO_COMMON_BLOCKS = YES;
				GCC_OPTIMIZATION_LEVEL = 0;
				GCC_PREPROCESSOR_DEFINITIONS = (
					"DEBUG=1",
					"$(inherited)",
				);
				GCC_WARN_64_TO_32_BIT_CONVERSION = YES;
				GCC_WARN_ABOUT_RETURN_TYPE = YES_ERROR;
				GCC_WARN_UNDECLARED_SELECTOR = YES;
				GCC_WARN_UNINITIALIZED_AUTOS = YES_AGGRESSIVE;
				GCC_WARN_UNUSED_FUNCTION = YES;
				GCC_WARN_UNUSED_VARIABLE = YES;
				IPHONEOS_DEPLOYMENT_TARGET = 15.2;
				MTL_ENABLE_DEBUG_INFO = INCLUDE_SOURCE;
				MTL_FAST_MATH = YES;
				ONLY_ACTIVE_ARCH = YES;
				SDKROOT = iphoneos;
				SWIFT_ACTIVE_COMPILATION_CONDITIONS = DEBUG;
				SWIFT_OPTIMIZATION_LEVEL = "-Onone";
			};
			name = Debug;
		};
		AEB46C8B280F97BF008EF53F /* Release */ = {
			isa = XCBuildConfiguration;
			buildSettings = {
				ALWAYS_SEARCH_USER_PATHS = NO;
				CLANG_ANALYZER_NONNULL = YES;
				CLANG_ANALYZER_NUMBER_OBJECT_CONVERSION = YES_AGGRESSIVE;
				CLANG_CXX_LANGUAGE_STANDARD = "gnu++17";
				CLANG_CXX_LIBRARY = "libc++";
				CLANG_ENABLE_MODULES = YES;
				CLANG_ENABLE_OBJC_ARC = YES;
				CLANG_ENABLE_OBJC_WEAK = YES;
				CLANG_WARN_BLOCK_CAPTURE_AUTORELEASING = YES;
				CLANG_WARN_BOOL_CONVERSION = YES;
				CLANG_WARN_COMMA = YES;
				CLANG_WARN_CONSTANT_CONVERSION = YES;
				CLANG_WARN_DEPRECATED_OBJC_IMPLEMENTATIONS = YES;
				CLANG_WARN_DIRECT_OBJC_ISA_USAGE = YES_ERROR;
				CLANG_WARN_DOCUMENTATION_COMMENTS = YES;
				CLANG_WARN_EMPTY_BODY = YES;
				CLANG_WARN_ENUM_CONVERSION = YES;
				CLANG_WARN_INFINITE_RECURSION = YES;
				CLANG_WARN_INT_CONVERSION = YES;
				CLANG_WARN_NON_LITERAL_NULL_CONVERSION = YES;
				CLANG_WARN_OBJC_IMPLICIT_RETAIN_SELF = YES;
				CLANG_WARN_OBJC_LITERAL_CONVERSION = YES;
				CLANG_WARN_OBJC_ROOT_CLASS = YES_ERROR;
				CLANG_WARN_QUOTED_INCLUDE_IN_FRAMEWORK_HEADER = YES;
				CLANG_WARN_RANGE_LOOP_ANALYSIS = YES;
				CLANG_WARN_STRICT_PROTOTYPES = YES;
				CLANG_WARN_SUSPICIOUS_MOVE = YES;
				CLANG_WARN_UNGUARDED_AVAILABILITY = YES_AGGRESSIVE;
				CLANG_WARN_UNREACHABLE_CODE = YES;
				CLANG_WARN__DUPLICATE_METHOD_MATCH = YES;
				COPY_PHASE_STRIP = NO;
				DEBUG_INFORMATION_FORMAT = "dwarf-with-dsym";
				ENABLE_NS_ASSERTIONS = NO;
				ENABLE_STRICT_OBJC_MSGSEND = YES;
				GCC_C_LANGUAGE_STANDARD = gnu11;
				GCC_NO_COMMON_BLOCKS = YES;
				GCC_WARN_64_TO_32_BIT_CONVERSION = YES;
				GCC_WARN_ABOUT_RETURN_TYPE = YES_ERROR;
				GCC_WARN_UNDECLARED_SELECTOR = YES;
				GCC_WARN_UNINITIALIZED_AUTOS = YES_AGGRESSIVE;
				GCC_WARN_UNUSED_FUNCTION = YES;
				GCC_WARN_UNUSED_VARIABLE = YES;
				IPHONEOS_DEPLOYMENT_TARGET = 15.2;
				MTL_ENABLE_DEBUG_INFO = NO;
				MTL_FAST_MATH = YES;
				SDKROOT = iphoneos;
				SWIFT_COMPILATION_MODE = wholemodule;
				SWIFT_OPTIMIZATION_LEVEL = "-O";
				VALIDATE_PRODUCT = YES;
			};
			name = Release;
		};
		AEB46C8D280F97BF008EF53F /* Debug */ = {
			isa = XCBuildConfiguration;
			baseConfigurationReference = 6F042F466EFB7020E9197E7E /* Pods-Daru.debug.xcconfig */;
			buildSettings = {
				ASSETCATALOG_COMPILER_APPICON_NAME = AppIcon;
				ASSETCATALOG_COMPILER_GLOBAL_ACCENT_COLOR_NAME = AccentColor;
				CODE_SIGN_STYLE = Automatic;
				CURRENT_PROJECT_VERSION = 1;
				DEVELOPMENT_TEAM = HWBJNMY98D;
				GENERATE_INFOPLIST_FILE = YES;
				INFOPLIST_FILE = "Daru/Supporting Files/Info.plist";
				INFOPLIST_KEY_UIApplicationSupportsIndirectInputEvents = YES;
				INFOPLIST_KEY_UILaunchStoryboardName = LaunchScreen;
				INFOPLIST_KEY_UISupportedInterfaceOrientations_iPad = "UIInterfaceOrientationPortrait UIInterfaceOrientationPortraitUpsideDown UIInterfaceOrientationLandscapeLeft UIInterfaceOrientationLandscapeRight";
				INFOPLIST_KEY_UISupportedInterfaceOrientations_iPhone = "UIInterfaceOrientationPortrait UIInterfaceOrientationLandscapeLeft UIInterfaceOrientationLandscapeRight";
				IPHONEOS_DEPLOYMENT_TARGET = 13.0;
				LD_RUNPATH_SEARCH_PATHS = (
					"$(inherited)",
					"@executable_path/Frameworks",
				);
				MARKETING_VERSION = 1.0;
				PRODUCT_BUNDLE_IDENTIFIER = com.cheeseIntheLife.daru.ios;
				PRODUCT_NAME = "$(TARGET_NAME)";
				SWIFT_EMIT_LOC_STRINGS = YES;
				SWIFT_VERSION = 5.0;
				TARGETED_DEVICE_FAMILY = 1;
			};
			name = Debug;
		};
		AEB46C8E280F97BF008EF53F /* Release */ = {
			isa = XCBuildConfiguration;
			baseConfigurationReference = 1C46B0AD7157347C67E03D70 /* Pods-Daru.release.xcconfig */;
			buildSettings = {
				ASSETCATALOG_COMPILER_APPICON_NAME = AppIcon;
				ASSETCATALOG_COMPILER_GLOBAL_ACCENT_COLOR_NAME = AccentColor;
				CODE_SIGN_STYLE = Automatic;
				CURRENT_PROJECT_VERSION = 1;
				DEVELOPMENT_TEAM = HWBJNMY98D;
				GENERATE_INFOPLIST_FILE = YES;
				INFOPLIST_FILE = "Daru/Supporting Files/Info.plist";
				INFOPLIST_KEY_UIApplicationSupportsIndirectInputEvents = YES;
				INFOPLIST_KEY_UILaunchStoryboardName = LaunchScreen;
				INFOPLIST_KEY_UISupportedInterfaceOrientations_iPad = "UIInterfaceOrientationPortrait UIInterfaceOrientationPortraitUpsideDown UIInterfaceOrientationLandscapeLeft UIInterfaceOrientationLandscapeRight";
				INFOPLIST_KEY_UISupportedInterfaceOrientations_iPhone = "UIInterfaceOrientationPortrait UIInterfaceOrientationLandscapeLeft UIInterfaceOrientationLandscapeRight";
				IPHONEOS_DEPLOYMENT_TARGET = 13.0;
				LD_RUNPATH_SEARCH_PATHS = (
					"$(inherited)",
					"@executable_path/Frameworks",
				);
				MARKETING_VERSION = 1.0;
				PRODUCT_BUNDLE_IDENTIFIER = com.cheeseIntheLife.daru.ios;
				PRODUCT_NAME = "$(TARGET_NAME)";
				SWIFT_EMIT_LOC_STRINGS = YES;
				SWIFT_VERSION = 5.0;
				TARGETED_DEVICE_FAMILY = 1;
			};
			name = Release;
		};
/* End XCBuildConfiguration section */

/* Begin XCConfigurationList section */
		AEB46C73280F97BE008EF53F /* Build configuration list for PBXProject "Daru" */ = {
			isa = XCConfigurationList;
			buildConfigurations = (
				AEB46C8A280F97BF008EF53F /* Debug */,
				AEB46C8B280F97BF008EF53F /* Release */,
			);
			defaultConfigurationIsVisible = 0;
			defaultConfigurationName = Release;
		};
		AEB46C8C280F97BF008EF53F /* Build configuration list for PBXNativeTarget "Daru" */ = {
			isa = XCConfigurationList;
			buildConfigurations = (
				AEB46C8D280F97BF008EF53F /* Debug */,
				AEB46C8E280F97BF008EF53F /* Release */,
			);
			defaultConfigurationIsVisible = 0;
			defaultConfigurationName = Release;
		};
/* End XCConfigurationList section */
	};
	rootObject = AEB46C70280F97BE008EF53F /* Project object */;
}
